// !$*UTF8*$!
{
	archiveVersion = 1;
	classes = {
	};
	objectVersion = 46;
	objects = {

/* Begin PBXBuildFile section */
		8319E6041BEEA35B005F1696 /* AppDelegate.swift in Sources */ = {isa = PBXBuildFile; fileRef = 8319E6031BEEA35B005F1696 /* AppDelegate.swift */; };
		8319E6061BEEA35B005F1696 /* ViewController.swift in Sources */ = {isa = PBXBuildFile; fileRef = 8319E6051BEEA35B005F1696 /* ViewController.swift */; };
		8319E6091BEEA35B005F1696 /* Main.storyboard in Resources */ = {isa = PBXBuildFile; fileRef = 8319E6071BEEA35B005F1696 /* Main.storyboard */; };
		8319E60C1BEEA35B005F1696 /* tes.xcdatamodeld in Sources */ = {isa = PBXBuildFile; fileRef = 8319E60A1BEEA35B005F1696 /* tes.xcdatamodeld */; };
		8319E60E1BEEA35B005F1696 /* Assets.xcassets in Resources */ = {isa = PBXBuildFile; fileRef = 8319E60D1BEEA35B005F1696 /* Assets.xcassets */; };
		8319E6111BEEA35B005F1696 /* LaunchScreen.storyboard in Resources */ = {isa = PBXBuildFile; fileRef = 8319E60F1BEEA35B005F1696 /* LaunchScreen.storyboard */; };
		8319E61C1BEEA35B005F1696 /* tesTests.swift in Sources */ = {isa = PBXBuildFile; fileRef = 8319E61B1BEEA35B005F1696 /* tesTests.swift */; };
		8319E6271BEEA35B005F1696 /* tesUITests.swift in Sources */ = {isa = PBXBuildFile; fileRef = 8319E6261BEEA35B005F1696 /* tesUITests.swift */; };
		833F2EFC1BFFD13900EE088D /* NavigationController.swift in Sources */ = {isa = PBXBuildFile; fileRef = 833F2EFB1BFFD13900EE088D /* NavigationController.swift */; };
		83605AD11BF9919D002D2D46 /* RatingViewController.swift in Sources */ = {isa = PBXBuildFile; fileRef = 83605AD01BF9919D002D2D46 /* RatingViewController.swift */; };
		839A8B7B1BFF838200AED243 /* ParseFacebookUtilsV4.framework in Frameworks */ = {isa = PBXBuildFile; fileRef = 839A8B7A1BFF838200AED243 /* ParseFacebookUtilsV4.framework */; };
		839A8B7D1BFF83DB00AED243 /* Parse.framework in Frameworks */ = {isa = PBXBuildFile; fileRef = 839A8B7C1BFF83DB00AED243 /* Parse.framework */; };
		839A8B811BFF83E300AED243 /* FBSDKCoreKit.framework in Frameworks */ = {isa = PBXBuildFile; fileRef = 839A8B7E1BFF83E300AED243 /* FBSDKCoreKit.framework */; };
		839A8B821BFF83E300AED243 /* FBSDKLoginKit.framework in Frameworks */ = {isa = PBXBuildFile; fileRef = 839A8B7F1BFF83E300AED243 /* FBSDKLoginKit.framework */; };
		839A8B831BFF83E300AED243 /* FBSDKShareKit.framework in Frameworks */ = {isa = PBXBuildFile; fileRef = 839A8B801BFF83E300AED243 /* FBSDKShareKit.framework */; };
		839A8B851BFF8F4B00AED243 /* ReportCardViewController.swift in Sources */ = {isa = PBXBuildFile; fileRef = 839A8B841BFF8F4B00AED243 /* ReportCardViewController.swift */; };
		839A8B881BFF91B000AED243 /* ParseUI.framework in Frameworks */ = {isa = PBXBuildFile; fileRef = 839A8B871BFF91B000AED243 /* ParseUI.framework */; };
		839A8B8A1BFF91B600AED243 /* Bolts.framework in Frameworks */ = {isa = PBXBuildFile; fileRef = 839A8B891BFF91B600AED243 /* Bolts.framework */; };
		83C86ECE1C02688B00ED7EF3 /* ReportCardCell.swift in Sources */ = {isa = PBXBuildFile; fileRef = 83C86ECD1C02688B00ED7EF3 /* ReportCardCell.swift */; };
		E0D50FD0B94223F3752004F0 /* Pods.framework in Frameworks */ = {isa = PBXBuildFile; fileRef = 1AB696C0EBA2ACAE1AF8FB78 /* Pods.framework */; };
/* End PBXBuildFile section */

/* Begin PBXContainerItemProxy section */
		8319E6181BEEA35B005F1696 /* PBXContainerItemProxy */ = {
			isa = PBXContainerItemProxy;
			containerPortal = 8319E5F81BEEA35B005F1696 /* Project object */;
			proxyType = 1;
			remoteGlobalIDString = 8319E5FF1BEEA35B005F1696;
			remoteInfo = tes;
		};
		8319E6231BEEA35B005F1696 /* PBXContainerItemProxy */ = {
			isa = PBXContainerItemProxy;
			containerPortal = 8319E5F81BEEA35B005F1696 /* Project object */;
			proxyType = 1;
			remoteGlobalIDString = 8319E5FF1BEEA35B005F1696;
			remoteInfo = tes;
		};
/* End PBXContainerItemProxy section */

/* Begin PBXFileReference section */
		1AB696C0EBA2ACAE1AF8FB78 /* Pods.framework */ = {isa = PBXFileReference; explicitFileType = wrapper.framework; includeInIndex = 0; path = Pods.framework; sourceTree = BUILT_PRODUCTS_DIR; };
		1BE11C3D0237B9BBB631C096 /* Pods.release.xcconfig */ = {isa = PBXFileReference; includeInIndex = 1; lastKnownFileType = text.xcconfig; name = Pods.release.xcconfig; path = "Pods/Target Support Files/Pods/Pods.release.xcconfig"; sourceTree = "<group>"; };
		8319E6001BEEA35B005F1696 /* tes.app */ = {isa = PBXFileReference; explicitFileType = wrapper.application; includeInIndex = 0; path = tes.app; sourceTree = BUILT_PRODUCTS_DIR; };
		8319E6031BEEA35B005F1696 /* AppDelegate.swift */ = {isa = PBXFileReference; lastKnownFileType = sourcecode.swift; path = AppDelegate.swift; sourceTree = "<group>"; };
		8319E6051BEEA35B005F1696 /* ViewController.swift */ = {isa = PBXFileReference; lastKnownFileType = sourcecode.swift; path = ViewController.swift; sourceTree = "<group>"; };
		8319E6081BEEA35B005F1696 /* Base */ = {isa = PBXFileReference; lastKnownFileType = file.storyboard; name = Base; path = Base.lproj/Main.storyboard; sourceTree = "<group>"; };
		8319E60B1BEEA35B005F1696 /* tes.xcdatamodel */ = {isa = PBXFileReference; lastKnownFileType = wrapper.xcdatamodel; path = tes.xcdatamodel; sourceTree = "<group>"; };
		8319E60D1BEEA35B005F1696 /* Assets.xcassets */ = {isa = PBXFileReference; lastKnownFileType = folder.assetcatalog; path = Assets.xcassets; sourceTree = "<group>"; };
		8319E6101BEEA35B005F1696 /* Base */ = {isa = PBXFileReference; lastKnownFileType = file.storyboard; name = Base; path = Base.lproj/LaunchScreen.storyboard; sourceTree = "<group>"; };
		8319E6121BEEA35B005F1696 /* Info.plist */ = {isa = PBXFileReference; lastKnownFileType = text.plist.xml; path = Info.plist; sourceTree = "<group>"; };
		8319E6171BEEA35B005F1696 /* tesTests.xctest */ = {isa = PBXFileReference; explicitFileType = wrapper.cfbundle; includeInIndex = 0; path = tesTests.xctest; sourceTree = BUILT_PRODUCTS_DIR; };
		8319E61B1BEEA35B005F1696 /* tesTests.swift */ = {isa = PBXFileReference; lastKnownFileType = sourcecode.swift; path = tesTests.swift; sourceTree = "<group>"; };
		8319E61D1BEEA35B005F1696 /* Info.plist */ = {isa = PBXFileReference; lastKnownFileType = text.plist.xml; path = Info.plist; sourceTree = "<group>"; };
		8319E6221BEEA35B005F1696 /* tesUITests.xctest */ = {isa = PBXFileReference; explicitFileType = wrapper.cfbundle; includeInIndex = 0; path = tesUITests.xctest; sourceTree = BUILT_PRODUCTS_DIR; };
		8319E6261BEEA35B005F1696 /* tesUITests.swift */ = {isa = PBXFileReference; lastKnownFileType = sourcecode.swift; path = tesUITests.swift; sourceTree = "<group>"; };
		8319E6281BEEA35B005F1696 /* Info.plist */ = {isa = PBXFileReference; lastKnownFileType = text.plist.xml; path = Info.plist; sourceTree = "<group>"; };
		833F2EFB1BFFD13900EE088D /* NavigationController.swift */ = {isa = PBXFileReference; fileEncoding = 4; lastKnownFileType = sourcecode.swift; name = NavigationController.swift; path = ../NavigationController.swift; sourceTree = "<group>"; };
		83605AD01BF9919D002D2D46 /* RatingViewController.swift */ = {isa = PBXFileReference; fileEncoding = 4; lastKnownFileType = sourcecode.swift; path = RatingViewController.swift; sourceTree = "<group>"; };
		839A8B7A1BFF838200AED243 /* ParseFacebookUtilsV4.framework */ = {isa = PBXFileReference; lastKnownFileType = wrapper.framework; name = ParseFacebookUtilsV4.framework; path = "Pods/../build/Debug-iphoneos/ParseFacebookUtilsV4.framework"; sourceTree = "<group>"; };
		839A8B7C1BFF83DB00AED243 /* Parse.framework */ = {isa = PBXFileReference; lastKnownFileType = wrapper.framework; name = Parse.framework; path = "Pods/../build/Debug-iphoneos/Parse.framework"; sourceTree = "<group>"; };
		839A8B7E1BFF83E300AED243 /* FBSDKCoreKit.framework */ = {isa = PBXFileReference; lastKnownFileType = wrapper.framework; name = FBSDKCoreKit.framework; path = "Pods/../build/Debug-iphoneos/FBSDKCoreKit.framework"; sourceTree = "<group>"; };
		839A8B7F1BFF83E300AED243 /* FBSDKLoginKit.framework */ = {isa = PBXFileReference; lastKnownFileType = wrapper.framework; name = FBSDKLoginKit.framework; path = "Pods/../build/Debug-iphoneos/FBSDKLoginKit.framework"; sourceTree = "<group>"; };
		839A8B801BFF83E300AED243 /* FBSDKShareKit.framework */ = {isa = PBXFileReference; lastKnownFileType = wrapper.framework; name = FBSDKShareKit.framework; path = "Pods/../build/Debug-iphoneos/FBSDKShareKit.framework"; sourceTree = "<group>"; };
		839A8B841BFF8F4B00AED243 /* ReportCardViewController.swift */ = {isa = PBXFileReference; fileEncoding = 4; lastKnownFileType = sourcecode.swift; path = ReportCardViewController.swift; sourceTree = "<group>"; };
		839A8B861BFF90BF00AED243 /* BridgingHeader.h */ = {isa = PBXFileReference; fileEncoding = 4; lastKnownFileType = sourcecode.c.h; path = BridgingHeader.h; sourceTree = SOURCE_ROOT; };
		839A8B871BFF91B000AED243 /* ParseUI.framework */ = {isa = PBXFileReference; lastKnownFileType = wrapper.framework; name = ParseUI.framework; path = "Pods/../build/Debug-iphoneos/ParseUI.framework"; sourceTree = "<group>"; };
		839A8B891BFF91B600AED243 /* Bolts.framework */ = {isa = PBXFileReference; lastKnownFileType = wrapper.framework; name = Bolts.framework; path = "Pods/../build/Debug-iphoneos/Bolts.framework"; sourceTree = "<group>"; };
		83C86ECD1C02688B00ED7EF3 /* ReportCardCell.swift */ = {isa = PBXFileReference; fileEncoding = 4; lastKnownFileType = sourcecode.swift; path = ReportCardCell.swift; sourceTree = "<group>"; };
		BF8E1FCE864F43AA80364ED8 /* Pods.debug.xcconfig */ = {isa = PBXFileReference; includeInIndex = 1; lastKnownFileType = text.xcconfig; name = Pods.debug.xcconfig; path = "Pods/Target Support Files/Pods/Pods.debug.xcconfig"; sourceTree = "<group>"; };
/* End PBXFileReference section */

/* Begin PBXFrameworksBuildPhase section */
		8319E5FD1BEEA35B005F1696 /* Frameworks */ = {
			isa = PBXFrameworksBuildPhase;
			buildActionMask = 2147483647;
			files = (
				839A8B8A1BFF91B600AED243 /* Bolts.framework in Frameworks */,
				839A8B881BFF91B000AED243 /* ParseUI.framework in Frameworks */,
				839A8B811BFF83E300AED243 /* FBSDKCoreKit.framework in Frameworks */,
				839A8B821BFF83E300AED243 /* FBSDKLoginKit.framework in Frameworks */,
				839A8B831BFF83E300AED243 /* FBSDKShareKit.framework in Frameworks */,
				839A8B7D1BFF83DB00AED243 /* Parse.framework in Frameworks */,
				839A8B7B1BFF838200AED243 /* ParseFacebookUtilsV4.framework in Frameworks */,
				E0D50FD0B94223F3752004F0 /* Pods.framework in Frameworks */,
			);
			runOnlyForDeploymentPostprocessing = 0;
		};
		8319E6141BEEA35B005F1696 /* Frameworks */ = {
			isa = PBXFrameworksBuildPhase;
			buildActionMask = 2147483647;
			files = (
			);
			runOnlyForDeploymentPostprocessing = 0;
		};
		8319E61F1BEEA35B005F1696 /* Frameworks */ = {
			isa = PBXFrameworksBuildPhase;
			buildActionMask = 2147483647;
			files = (
			);
			runOnlyForDeploymentPostprocessing = 0;
		};
/* End PBXFrameworksBuildPhase section */

/* Begin PBXGroup section */
		708C53316F07AC1AC41807D9 /* Frameworks */ = {
			isa = PBXGroup;
			children = (
				839A8B891BFF91B600AED243 /* Bolts.framework */,
				839A8B871BFF91B000AED243 /* ParseUI.framework */,
				839A8B7E1BFF83E300AED243 /* FBSDKCoreKit.framework */,
				839A8B7F1BFF83E300AED243 /* FBSDKLoginKit.framework */,
				839A8B801BFF83E300AED243 /* FBSDKShareKit.framework */,
				839A8B7C1BFF83DB00AED243 /* Parse.framework */,
				839A8B7A1BFF838200AED243 /* ParseFacebookUtilsV4.framework */,
				1AB696C0EBA2ACAE1AF8FB78 /* Pods.framework */,
			);
			name = Frameworks;
			sourceTree = "<group>";
		};
		8319E5F71BEEA35B005F1696 = {
			isa = PBXGroup;
			children = (
				8319E6021BEEA35B005F1696 /* tes */,
				8319E61A1BEEA35B005F1696 /* tesTests */,
				8319E6251BEEA35B005F1696 /* tesUITests */,
				8319E6011BEEA35B005F1696 /* Products */,
				B8FD2EA398FAAE92D40CE095 /* Pods */,
				708C53316F07AC1AC41807D9 /* Frameworks */,
			);
			sourceTree = "<group>";
		};
		8319E6011BEEA35B005F1696 /* Products */ = {
			isa = PBXGroup;
			children = (
				8319E6001BEEA35B005F1696 /* tes.app */,
				8319E6171BEEA35B005F1696 /* tesTests.xctest */,
				8319E6221BEEA35B005F1696 /* tesUITests.xctest */,
			);
			name = Products;
			sourceTree = "<group>";
		};
		8319E6021BEEA35B005F1696 /* tes */ = {
			isa = PBXGroup;
			children = (
				8319E60D1BEEA35B005F1696 /* Assets.xcassets */,
				839A8B861BFF90BF00AED243 /* BridgingHeader.h */,
				8319E6031BEEA35B005F1696 /* AppDelegate.swift */,
				8319E6051BEEA35B005F1696 /* ViewController.swift */,
				833F2EFB1BFFD13900EE088D /* NavigationController.swift */,
				839A8B841BFF8F4B00AED243 /* ReportCardViewController.swift */,
				83C86ECD1C02688B00ED7EF3 /* ReportCardCell.swift */,
				83605AD01BF9919D002D2D46 /* RatingViewController.swift */,
				8319E60A1BEEA35B005F1696 /* tes.xcdatamodeld */,
				8319E6121BEEA35B005F1696 /* Info.plist */,
				8319E6071BEEA35B005F1696 /* Main.storyboard */,
				8319E60F1BEEA35B005F1696 /* LaunchScreen.storyboard */,
			);
			path = tes;
			sourceTree = "<group>";
		};
		8319E61A1BEEA35B005F1696 /* tesTests */ = {
			isa = PBXGroup;
			children = (
				8319E61B1BEEA35B005F1696 /* tesTests.swift */,
				8319E61D1BEEA35B005F1696 /* Info.plist */,
			);
			path = tesTests;
			sourceTree = "<group>";
		};
		8319E6251BEEA35B005F1696 /* tesUITests */ = {
			isa = PBXGroup;
			children = (
				8319E6261BEEA35B005F1696 /* tesUITests.swift */,
				8319E6281BEEA35B005F1696 /* Info.plist */,
			);
			path = tesUITests;
			sourceTree = "<group>";
		};
		B8FD2EA398FAAE92D40CE095 /* Pods */ = {
			isa = PBXGroup;
			children = (
				BF8E1FCE864F43AA80364ED8 /* Pods.debug.xcconfig */,
				1BE11C3D0237B9BBB631C096 /* Pods.release.xcconfig */,
			);
			name = Pods;
			sourceTree = "<group>";
		};
/* End PBXGroup section */

/* Begin PBXNativeTarget section */
		8319E5FF1BEEA35B005F1696 /* tes */ = {
			isa = PBXNativeTarget;
			buildConfigurationList = 8319E62B1BEEA35B005F1696 /* Build configuration list for PBXNativeTarget "tes" */;
			buildPhases = (
				F35A71BFB285E19EFA4AC384 /* Check Pods Manifest.lock */,
				8319E5FC1BEEA35B005F1696 /* Sources */,
				8319E5FD1BEEA35B005F1696 /* Frameworks */,
				8319E5FE1BEEA35B005F1696 /* Resources */,
				ABFE48620A93E280B98B33FE /* Embed Pods Frameworks */,
				E4E72261E479C748B4425225 /* Copy Pods Resources */,
			);
			buildRules = (
			);
			dependencies = (
			);
			name = tes;
			productName = tes;
			productReference = 8319E6001BEEA35B005F1696 /* tes.app */;
			productType = "com.apple.product-type.application";
		};
		8319E6161BEEA35B005F1696 /* tesTests */ = {
			isa = PBXNativeTarget;
			buildConfigurationList = 8319E62E1BEEA35B005F1696 /* Build configuration list for PBXNativeTarget "tesTests" */;
			buildPhases = (
				8319E6131BEEA35B005F1696 /* Sources */,
				8319E6141BEEA35B005F1696 /* Frameworks */,
				8319E6151BEEA35B005F1696 /* Resources */,
			);
			buildRules = (
			);
			dependencies = (
				8319E6191BEEA35B005F1696 /* PBXTargetDependency */,
			);
			name = tesTests;
			productName = tesTests;
			productReference = 8319E6171BEEA35B005F1696 /* tesTests.xctest */;
			productType = "com.apple.product-type.bundle.unit-test";
		};
		8319E6211BEEA35B005F1696 /* tesUITests */ = {
			isa = PBXNativeTarget;
			buildConfigurationList = 8319E6311BEEA35B005F1696 /* Build configuration list for PBXNativeTarget "tesUITests" */;
			buildPhases = (
				8319E61E1BEEA35B005F1696 /* Sources */,
				8319E61F1BEEA35B005F1696 /* Frameworks */,
				8319E6201BEEA35B005F1696 /* Resources */,
			);
			buildRules = (
			);
			dependencies = (
				8319E6241BEEA35B005F1696 /* PBXTargetDependency */,
			);
			name = tesUITests;
			productName = tesUITests;
			productReference = 8319E6221BEEA35B005F1696 /* tesUITests.xctest */;
			productType = "com.apple.product-type.bundle.ui-testing";
		};
/* End PBXNativeTarget section */

/* Begin PBXProject section */
		8319E5F81BEEA35B005F1696 /* Project object */ = {
			isa = PBXProject;
			attributes = {
				LastSwiftUpdateCheck = 0710;
				LastUpgradeCheck = 0710;
				ORGANIZATIONNAME = misli;
				TargetAttributes = {
					8319E5FF1BEEA35B005F1696 = {
						CreatedOnToolsVersion = 7.1;
						DevelopmentTeam = R3Q88FBRRR;
					};
					8319E6161BEEA35B005F1696 = {
						CreatedOnToolsVersion = 7.1;
						TestTargetID = 8319E5FF1BEEA35B005F1696;
					};
					8319E6211BEEA35B005F1696 = {
						CreatedOnToolsVersion = 7.1;
						TestTargetID = 8319E5FF1BEEA35B005F1696;
					};
				};
			};
			buildConfigurationList = 8319E5FB1BEEA35B005F1696 /* Build configuration list for PBXProject "tes" */;
			compatibilityVersion = "Xcode 3.2";
			developmentRegion = English;
			hasScannedForEncodings = 0;
			knownRegions = (
				en,
				Base,
			);
			mainGroup = 8319E5F71BEEA35B005F1696;
			productRefGroup = 8319E6011BEEA35B005F1696 /* Products */;
			projectDirPath = "";
			projectRoot = "";
			targets = (
				8319E5FF1BEEA35B005F1696 /* tes */,
				8319E6161BEEA35B005F1696 /* tesTests */,
				8319E6211BEEA35B005F1696 /* tesUITests */,
			);
		};
/* End PBXProject section */

/* Begin PBXResourcesBuildPhase section */
		8319E5FE1BEEA35B005F1696 /* Resources */ = {
			isa = PBXResourcesBuildPhase;
			buildActionMask = 2147483647;
			files = (
				8319E6111BEEA35B005F1696 /* LaunchScreen.storyboard in Resources */,
				8319E60E1BEEA35B005F1696 /* Assets.xcassets in Resources */,
				8319E6091BEEA35B005F1696 /* Main.storyboard in Resources */,
			);
			runOnlyForDeploymentPostprocessing = 0;
		};
		8319E6151BEEA35B005F1696 /* Resources */ = {
			isa = PBXResourcesBuildPhase;
			buildActionMask = 2147483647;
			files = (
			);
			runOnlyForDeploymentPostprocessing = 0;
		};
		8319E6201BEEA35B005F1696 /* Resources */ = {
			isa = PBXResourcesBuildPhase;
			buildActionMask = 2147483647;
			files = (
			);
			runOnlyForDeploymentPostprocessing = 0;
		};
/* End PBXResourcesBuildPhase section */

/* Begin PBXShellScriptBuildPhase section */
		ABFE48620A93E280B98B33FE /* Embed Pods Frameworks */ = {
			isa = PBXShellScriptBuildPhase;
			buildActionMask = 2147483647;
			files = (
			);
			inputPaths = (
			);
			name = "Embed Pods Frameworks";
			outputPaths = (
			);
			runOnlyForDeploymentPostprocessing = 0;
			shellPath = /bin/sh;
			shellScript = "\"${SRCROOT}/Pods/Target Support Files/Pods/Pods-frameworks.sh\"\n";
			showEnvVarsInLog = 0;
		};
		E4E72261E479C748B4425225 /* Copy Pods Resources */ = {
			isa = PBXShellScriptBuildPhase;
			buildActionMask = 2147483647;
			files = (
			);
			inputPaths = (
			);
			name = "Copy Pods Resources";
			outputPaths = (
			);
			runOnlyForDeploymentPostprocessing = 0;
			shellPath = /bin/sh;
			shellScript = "\"${SRCROOT}/Pods/Target Support Files/Pods/Pods-resources.sh\"\n";
			showEnvVarsInLog = 0;
		};
		F35A71BFB285E19EFA4AC384 /* Check Pods Manifest.lock */ = {
			isa = PBXShellScriptBuildPhase;
			buildActionMask = 2147483647;
			files = (
			);
			inputPaths = (
			);
			name = "Check Pods Manifest.lock";
			outputPaths = (
			);
			runOnlyForDeploymentPostprocessing = 0;
			shellPath = /bin/sh;
			shellScript = "diff \"${PODS_ROOT}/../Podfile.lock\" \"${PODS_ROOT}/Manifest.lock\" > /dev/null\nif [[ $? != 0 ]] ; then\n    cat << EOM\nerror: The sandbox is not in sync with the Podfile.lock. Run 'pod install' or update your CocoaPods installation.\nEOM\n    exit 1\nfi\n";
			showEnvVarsInLog = 0;
		};
/* End PBXShellScriptBuildPhase section */

/* Begin PBXSourcesBuildPhase section */
		8319E5FC1BEEA35B005F1696 /* Sources */ = {
			isa = PBXSourcesBuildPhase;
			buildActionMask = 2147483647;
			files = (
				8319E60C1BEEA35B005F1696 /* tes.xcdatamodeld in Sources */,
				833F2EFC1BFFD13900EE088D /* NavigationController.swift in Sources */,
				8319E6061BEEA35B005F1696 /* ViewController.swift in Sources */,
				8319E6041BEEA35B005F1696 /* AppDelegate.swift in Sources */,
				83C86ECE1C02688B00ED7EF3 /* ReportCardCell.swift in Sources */,
				83605AD11BF9919D002D2D46 /* RatingViewController.swift in Sources */,
				839A8B851BFF8F4B00AED243 /* ReportCardViewController.swift in Sources */,
			);
			runOnlyForDeploymentPostprocessing = 0;
		};
		8319E6131BEEA35B005F1696 /* Sources */ = {
			isa = PBXSourcesBuildPhase;
			buildActionMask = 2147483647;
			files = (
				8319E61C1BEEA35B005F1696 /* tesTests.swift in Sources */,
			);
			runOnlyForDeploymentPostprocessing = 0;
		};
		8319E61E1BEEA35B005F1696 /* Sources */ = {
			isa = PBXSourcesBuildPhase;
			buildActionMask = 2147483647;
			files = (
				8319E6271BEEA35B005F1696 /* tesUITests.swift in Sources */,
			);
			runOnlyForDeploymentPostprocessing = 0;
		};
/* End PBXSourcesBuildPhase section */

/* Begin PBXTargetDependency section */
		8319E6191BEEA35B005F1696 /* PBXTargetDependency */ = {
			isa = PBXTargetDependency;
			target = 8319E5FF1BEEA35B005F1696 /* tes */;
			targetProxy = 8319E6181BEEA35B005F1696 /* PBXContainerItemProxy */;
		};
		8319E6241BEEA35B005F1696 /* PBXTargetDependency */ = {
			isa = PBXTargetDependency;
			target = 8319E5FF1BEEA35B005F1696 /* tes */;
			targetProxy = 8319E6231BEEA35B005F1696 /* PBXContainerItemProxy */;
		};
/* End PBXTargetDependency section */

/* Begin PBXVariantGroup section */
		8319E6071BEEA35B005F1696 /* Main.storyboard */ = {
			isa = PBXVariantGroup;
			children = (
				8319E6081BEEA35B005F1696 /* Base */,
			);
			name = Main.storyboard;
			sourceTree = "<group>";
		};
		8319E60F1BEEA35B005F1696 /* LaunchScreen.storyboard */ = {
			isa = PBXVariantGroup;
			children = (
				8319E6101BEEA35B005F1696 /* Base */,
			);
			name = LaunchScreen.storyboard;
			sourceTree = "<group>";
		};
/* End PBXVariantGroup section */

/* Begin XCBuildConfiguration section */
		8319E6291BEEA35B005F1696 /* Debug */ = {
			isa = XCBuildConfiguration;
			buildSettings = {
				ALWAYS_SEARCH_USER_PATHS = NO;
				CLANG_CXX_LANGUAGE_STANDARD = "gnu++0x";
				CLANG_CXX_LIBRARY = "libc++";
				CLANG_ENABLE_MODULES = YES;
				CLANG_ENABLE_OBJC_ARC = YES;
				CLANG_WARN_BOOL_CONVERSION = YES;
				CLANG_WARN_CONSTANT_CONVERSION = YES;
				CLANG_WARN_DIRECT_OBJC_ISA_USAGE = YES_ERROR;
				CLANG_WARN_EMPTY_BODY = YES;
				CLANG_WARN_ENUM_CONVERSION = YES;
				CLANG_WARN_INT_CONVERSION = YES;
				CLANG_WARN_OBJC_ROOT_CLASS = YES_ERROR;
				CLANG_WARN_UNREACHABLE_CODE = YES;
				CLANG_WARN__DUPLICATE_METHOD_MATCH = YES;
				"CODE_SIGN_IDENTITY[sdk=iphoneos*]" = "iPhone Developer";
				COPY_PHASE_STRIP = NO;
				DEBUG_INFORMATION_FORMAT = dwarf;
				ENABLE_STRICT_OBJC_MSGSEND = YES;
				ENABLE_TESTABILITY = YES;
				GCC_C_LANGUAGE_STANDARD = gnu99;
				GCC_DYNAMIC_NO_PIC = NO;
				GCC_NO_COMMON_BLOCKS = YES;
				GCC_OPTIMIZATION_LEVEL = 0;
				GCC_PREPROCESSOR_DEFINITIONS = (
					"DEBUG=1",
					"$(inherited)",
				);
				GCC_WARN_64_TO_32_BIT_CONVERSION = YES;
				GCC_WARN_ABOUT_RETURN_TYPE = YES_ERROR;
				GCC_WARN_UNDECLARED_SELECTOR = YES;
				GCC_WARN_UNINITIALIZED_AUTOS = YES_AGGRESSIVE;
				GCC_WARN_UNUSED_FUNCTION = YES;
				GCC_WARN_UNUSED_VARIABLE = YES;
				IPHONEOS_DEPLOYMENT_TARGET = 9.1;
				MTL_ENABLE_DEBUG_INFO = YES;
				ONLY_ACTIVE_ARCH = YES;
				SDKROOT = iphoneos;
				SWIFT_OPTIMIZATION_LEVEL = "-Onone";
				TARGETED_DEVICE_FAMILY = "1,2";
			};
			name = Debug;
		};
		8319E62A1BEEA35B005F1696 /* Release */ = {
			isa = XCBuildConfiguration;
			buildSettings = {
				ALWAYS_SEARCH_USER_PATHS = NO;
				CLANG_CXX_LANGUAGE_STANDARD = "gnu++0x";
				CLANG_CXX_LIBRARY = "libc++";
				CLANG_ENABLE_MODULES = YES;
				CLANG_ENABLE_OBJC_ARC = YES;
				CLANG_WARN_BOOL_CONVERSION = YES;
				CLANG_WARN_CONSTANT_CONVERSION = YES;
				CLANG_WARN_DIRECT_OBJC_ISA_USAGE = YES_ERROR;
				CLANG_WARN_EMPTY_BODY = YES;
				CLANG_WARN_ENUM_CONVERSION = YES;
				CLANG_WARN_INT_CONVERSION = YES;
				CLANG_WARN_OBJC_ROOT_CLASS = YES_ERROR;
				CLANG_WARN_UNREACHABLE_CODE = YES;
				CLANG_WARN__DUPLICATE_METHOD_MATCH = YES;
				"CODE_SIGN_IDENTITY[sdk=iphoneos*]" = "iPhone Developer";
				COPY_PHASE_STRIP = NO;
				DEBUG_INFORMATION_FORMAT = "dwarf-with-dsym";
				ENABLE_NS_ASSERTIONS = NO;
				ENABLE_STRICT_OBJC_MSGSEND = YES;
				GCC_C_LANGUAGE_STANDARD = gnu99;
				GCC_NO_COMMON_BLOCKS = YES;
				GCC_WARN_64_TO_32_BIT_CONVERSION = YES;
				GCC_WARN_ABOUT_RETURN_TYPE = YES_ERROR;
				GCC_WARN_UNDECLARED_SELECTOR = YES;
				GCC_WARN_UNINITIALIZED_AUTOS = YES_AGGRESSIVE;
				GCC_WARN_UNUSED_FUNCTION = YES;
				GCC_WARN_UNUSED_VARIABLE = YES;
				IPHONEOS_DEPLOYMENT_TARGET = 9.1;
				MTL_ENABLE_DEBUG_INFO = NO;
				SDKROOT = iphoneos;
				TARGETED_DEVICE_FAMILY = "1,2";
				VALIDATE_PRODUCT = YES;
			};
			name = Release;
		};
		8319E62C1BEEA35B005F1696 /* Debug */ = {
			isa = XCBuildConfiguration;
			baseConfigurationReference = BF8E1FCE864F43AA80364ED8 /* Pods.debug.xcconfig */;
			buildSettings = {
				ASSETCATALOG_COMPILER_APPICON_NAME = AppIcon;
				ASSETCATALOG_COMPILER_LAUNCHIMAGE_NAME = "Brand Assets";
				CODE_SIGN_IDENTITY = "iPhone Developer";
				"CODE_SIGN_IDENTITY[sdk=iphoneos*]" = "iPhone Developer";
				FRAMEWORK_SEARCH_PATHS = (
					"$(inherited)",
					"$(PROJECT_DIR)/build/Debug-iphoneos",
				);
				INFOPLIST_FILE = tes/Info.plist;
				LD_RUNPATH_SEARCH_PATHS = "$(inherited) @executable_path/Frameworks";
				PRODUCT_BUNDLE_IDENTIFIER = li.mis.tes;
				PRODUCT_NAME = "$(TARGET_NAME)";
				PROVISIONING_PROFILE = "";
				SWIFT_OBJC_BRIDGING_HEADER = BridgingHeader.h;
				TARGETED_DEVICE_FAMILY = 1;
			};
			name = Debug;
		};
		8319E62D1BEEA35B005F1696 /* Release */ = {
			isa = XCBuildConfiguration;
			baseConfigurationReference = 1BE11C3D0237B9BBB631C096 /* Pods.release.xcconfig */;
			buildSettings = {
				ASSETCATALOG_COMPILER_APPICON_NAME = AppIcon;
				ASSETCATALOG_COMPILER_LAUNCHIMAGE_NAME = "Brand Assets";
				CODE_SIGN_IDENTITY = "iPhone Developer";
				"CODE_SIGN_IDENTITY[sdk=iphoneos*]" = "iPhone Developer";
				FRAMEWORK_SEARCH_PATHS = (
					"$(inherited)",
					"$(PROJECT_DIR)/build/Debug-iphoneos",
				);
				INFOPLIST_FILE = tes/Info.plist;
				LD_RUNPATH_SEARCH_PATHS = "$(inherited) @executable_path/Frameworks";
				PRODUCT_BUNDLE_IDENTIFIER = li.mis.tes;
				PRODUCT_NAME = "$(TARGET_NAME)";
				PROVISIONING_PROFILE = "";
				SWIFT_OBJC_BRIDGING_HEADER = BridgingHeader.h;
				TARGETED_DEVICE_FAMILY = 1;
			};
			name = Release;
		};
		8319E62F1BEEA35B005F1696 /* Debug */ = {
			isa = XCBuildConfiguration;
			buildSettings = {
				BUNDLE_LOADER = "$(TEST_HOST)";
				INFOPLIST_FILE = tesTests/Info.plist;
				LD_RUNPATH_SEARCH_PATHS = "$(inherited) @executable_path/Frameworks @loader_path/Frameworks";
				PRODUCT_BUNDLE_IDENTIFIER = li.mis.tesTests;
				PRODUCT_NAME = "$(TARGET_NAME)";
				TEST_HOST = "$(BUILT_PRODUCTS_DIR)/tes.app/tes";
			};
			name = Debug;
		};
		8319E6301BEEA35B005F1696 /* Release */ = {
			isa = XCBuildConfiguration;
			buildSettings = {
				BUNDLE_LOADER = "$(TEST_HOST)";
				INFOPLIST_FILE = tesTests/Info.plist;
				LD_RUNPATH_SEARCH_PATHS = "$(inherited) @executable_path/Frameworks @loader_path/Frameworks";
				PRODUCT_BUNDLE_IDENTIFIER = li.mis.tesTests;
				PRODUCT_NAME = "$(TARGET_NAME)";
				TEST_HOST = "$(BUILT_PRODUCTS_DIR)/tes.app/tes";
			};
			name = Release;
		};
		8319E6321BEEA35B005F1696 /* Debug */ = {
			isa = XCBuildConfiguration;
			buildSettings = {
				INFOPLIST_FILE = tesUITests/Info.plist;
				LD_RUNPATH_SEARCH_PATHS = "$(inherited) @executable_path/Frameworks @loader_path/Frameworks";
				PRODUCT_BUNDLE_IDENTIFIER = li.mis.tesUITests;
				PRODUCT_NAME = "$(TARGET_NAME)";
				TEST_TARGET_NAME = tes;
				USES_XCTRUNNER = YES;
			};
			name = Debug;
		};
		8319E6331BEEA35B005F1696 /* Release */ = {
			isa = XCBuildConfiguration;
			buildSettings = {
				INFOPLIST_FILE = tesUITests/Info.plist;
				LD_RUNPATH_SEARCH_PATHS = "$(inherited) @executable_path/Frameworks @loader_path/Frameworks";
				PRODUCT_BUNDLE_IDENTIFIER = li.mis.tesUITests;
				PRODUCT_NAME = "$(TARGET_NAME)";
				TEST_TARGET_NAME = tes;
				USES_XCTRUNNER = YES;
			};
			name = Release;
		};
/* End XCBuildConfiguration section */

/* Begin XCConfigurationList section */
		8319E5FB1BEEA35B005F1696 /* Build configuration list for PBXProject "tes" */ = {
			isa = XCConfigurationList;
			buildConfigurations = (
				8319E6291BEEA35B005F1696 /* Debug */,
				8319E62A1BEEA35B005F1696 /* Release */,
			);
			defaultConfigurationIsVisible = 0;
			defaultConfigurationName = Release;
		};
		8319E62B1BEEA35B005F1696 /* Build configuration list for PBXNativeTarget "tes" */ = {
			isa = XCConfigurationList;
			buildConfigurations = (
				8319E62C1BEEA35B005F1696 /* Debug */,
				8319E62D1BEEA35B005F1696 /* Release */,
			);
			defaultConfigurationIsVisible = 0;
			defaultConfigurationName = Release;
		};
		8319E62E1BEEA35B005F1696 /* Build configuration list for PBXNativeTarget "tesTests" */ = {
			isa = XCConfigurationList;
			buildConfigurations = (
				8319E62F1BEEA35B005F1696 /* Debug */,
				8319E6301BEEA35B005F1696 /* Release */,
			);
			defaultConfigurationIsVisible = 0;
			defaultConfigurationName = Release;
		};
		8319E6311BEEA35B005F1696 /* Build configuration list for PBXNativeTarget "tesUITests" */ = {
			isa = XCConfigurationList;
			buildConfigurations = (
				8319E6321BEEA35B005F1696 /* Debug */,
				8319E6331BEEA35B005F1696 /* Release */,
			);
			defaultConfigurationIsVisible = 0;
			defaultConfigurationName = Release;
		};
/* End XCConfigurationList section */

/* Begin XCVersionGroup section */
		8319E60A1BEEA35B005F1696 /* tes.xcdatamodeld */ = {
			isa = XCVersionGroup;
			children = (
				8319E60B1BEEA35B005F1696 /* tes.xcdatamodel */,
			);
			currentVersion = 8319E60B1BEEA35B005F1696 /* tes.xcdatamodel */;
			path = tes.xcdatamodeld;
			sourceTree = "<group>";
			versionGroupType = wrapper.xcdatamodel;
		};
/* End XCVersionGroup section */
	};
	rootObject = 8319E5F81BEEA35B005F1696 /* Project object */;
}
